
Microsoft Visual Studio Solution File, Format Version 12.00
# Visual Studio Version 17
VisualStudioVersion = 17.11.35208.52
MinimumVisualStudioVersion = 10.0.40219.1
Project("{FAE04EC0-301F-11D3-BF4B-00C04F79EFBC}") = "Labs", "Labs\Labs.csproj", "{529487CC-A1D8-4A29-80C0-3A5EA3F957C9}"
EndProject
Global
	GlobalSection(SolutionConfigurationPlatforms) = preSolution
		Debug|Any CPU = Debug|Any CPU
		Release|Any CPU = Release|Any CPU
	EndGlobalSection
	GlobalSection(ProjectConfigurationPlatforms) = postSolution
		{529487CC-A1D8-4A29-80C0-3A5EA3F957C9}.Debug|Any CPU.ActiveCfg = Debug|Any CPU
		{529487CC-A1D8-4A29-80C0-3A5EA3F957C9}.Debug|Any CPU.Build.0 = Debug|Any CPU
		{529487CC-A1D8-4A29-80C0-3A5EA3F957C9}.Release|Any CPU.ActiveCfg = Release|Any CPU
		{529487CC-A1D8-4A29-80C0-3A5EA3F957C9}.Release|Any CPU.Build.0 = Release|Any CPU
	EndGlobalSection
	GlobalSection(SolutionProperties) = preSolution
		HideSolutionNode = FALSE
	EndGlobalSection
	GlobalSection(ExtensibilityGlobals) = postSolution
		SolutionGuid = {3A4D2FA9-9143-4ADB-B150-7B128E2AC8F0}
	EndGlobalSection
EndGlobal
